
Microsoft Visual Studio Solution File, Format Version 12.00
# Visual Studio Version 17
VisualStudioVersion = 17.4.33122.133
MinimumVisualStudioVersion = 10.0.40219.1
Project("{9A19103F-16F7-4668-BE54-9A1E7A4F7556}") = "AccountOwnerServer", "AccountOwnerServer\AccountOwnerServer.csproj", "{90231C6D-FF0A-4F43-9E36-C84C905FC7DC}"
EndProject
Project("{9A19103F-16F7-4668-BE54-9A1E7A4F7556}") = "Contracts", "Contracts\Contracts.csproj", "{39B75F2B-295F-4333-8A86-D6E23158DBA6}"
EndProject
Project("{9A19103F-16F7-4668-BE54-9A1E7A4F7556}") = "Entities", "Entities\Entities.csproj", "{1E706465-587D-46A8-A7C6-5F9D505DF00A}"
EndProject
Project("{9A19103F-16F7-4668-BE54-9A1E7A4F7556}") = "Repository", "Repository\Repository.csproj", "{81823E42-C63A-4CC4-BBCD-8459316335C1}"
EndProject
Global
	GlobalSection(SolutionConfigurationPlatforms) = preSolution
		Debug|Any CPU = Debug|Any CPU
		Release|Any CPU = Release|Any CPU
	EndGlobalSection
	GlobalSection(ProjectConfigurationPlatforms) = postSolution
		{90231C6D-FF0A-4F43-9E36-C84C905FC7DC}.Debug|Any CPU.ActiveCfg = Debug|Any CPU
		{90231C6D-FF0A-4F43-9E36-C84C905FC7DC}.Debug|Any CPU.Build.0 = Debug|Any CPU
		{90231C6D-FF0A-4F43-9E36-C84C905FC7DC}.Release|Any CPU.ActiveCfg = Release|Any CPU
		{90231C6D-FF0A-4F43-9E36-C84C905FC7DC}.Release|Any CPU.Build.0 = Release|Any CPU
		{39B75F2B-295F-4333-8A86-D6E23158DBA6}.Debug|Any CPU.ActiveCfg = Debug|Any CPU
		{39B75F2B-295F-4333-8A86-D6E23158DBA6}.Debug|Any CPU.Build.0 = Debug|Any CPU
		{39B75F2B-295F-4333-8A86-D6E23158DBA6}.Release|Any CPU.ActiveCfg = Release|Any CPU
		{39B75F2B-295F-4333-8A86-D6E23158DBA6}.Release|Any CPU.Build.0 = Release|Any CPU
		{1E706465-587D-46A8-A7C6-5F9D505DF00A}.Debug|Any CPU.ActiveCfg = Debug|Any CPU
		{1E706465-587D-46A8-A7C6-5F9D505DF00A}.Debug|Any CPU.Build.0 = Debug|Any CPU
		{1E706465-587D-46A8-A7C6-5F9D505DF00A}.Release|Any CPU.ActiveCfg = Release|Any CPU
		{1E706465-587D-46A8-A7C6-5F9D505DF00A}.Release|Any CPU.Build.0 = Release|Any CPU
		{81823E42-C63A-4CC4-BBCD-8459316335C1}.Debug|Any CPU.ActiveCfg = Debug|Any CPU
		{81823E42-C63A-4CC4-BBCD-8459316335C1}.Debug|Any CPU.Build.0 = Debug|Any CPU
		{81823E42-C63A-4CC4-BBCD-8459316335C1}.Release|Any CPU.ActiveCfg = Release|Any CPU
		{81823E42-C63A-4CC4-BBCD-8459316335C1}.Release|Any CPU.Build.0 = Release|Any CPU
	EndGlobalSection
	GlobalSection(SolutionProperties) = preSolution
		HideSolutionNode = FALSE
	EndGlobalSection
	GlobalSection(ExtensibilityGlobals) = postSolution
		SolutionGuid = {1885A0F9-49E6-4103-BB46-850A12635AAB}
	EndGlobalSection
EndGlobal
